
Microsoft Visual Studio Solution File, Format Version 12.00
# Visual Studio Version 17
VisualStudioVersion = 17.2.32630.192
MinimumVisualStudioVersion = 10.0.40219.1
Project("{FAE04EC0-301F-11D3-BF4B-00C04F79EFBC}") = "Calculadora", "Calculadora\Calculadora.csproj", "{FAC48E7E-1A79-49DB-A61C-9B43828C59EB}"
EndProject
Global
	GlobalSection(SolutionConfigurationPlatforms) = preSolution
		Debug|Any CPU = Debug|Any CPU
		Release|Any CPU = Release|Any CPU
	EndGlobalSection
	GlobalSection(ProjectConfigurationPlatforms) = postSolution
		{FAC48E7E-1A79-49DB-A61C-9B43828C59EB}.Debug|Any CPU.ActiveCfg = Debug|Any CPU
		{FAC48E7E-1A79-49DB-A61C-9B43828C59EB}.Debug|Any CPU.Build.0 = Debug|Any CPU
		{FAC48E7E-1A79-49DB-A61C-9B43828C59EB}.Debug|Any CPU.Deploy.0 = Debug|Any CPU
		{FAC48E7E-1A79-49DB-A61C-9B43828C59EB}.Release|Any CPU.ActiveCfg = Release|Any CPU
		{FAC48E7E-1A79-49DB-A61C-9B43828C59EB}.Release|Any CPU.Build.0 = Release|Any CPU
		{FAC48E7E-1A79-49DB-A61C-9B43828C59EB}.Release|Any CPU.Deploy.0 = Release|Any CPU
	EndGlobalSection
	GlobalSection(SolutionProperties) = preSolution
		HideSolutionNode = FALSE
	EndGlobalSection
	GlobalSection(ExtensibilityGlobals) = postSolution
		SolutionGuid = {587145D0-D0C6-4974-BBAC-A388639DC7A7}
	EndGlobalSection
EndGlobal
